
Microsoft Visual Studio Solution File, Format Version 12.00
# Visual Studio Version 16
VisualStudioVersion = 16.0.30804.86
MinimumVisualStudioVersion = 10.0.40219.1
Project("{9A19103F-16F7-4668-BE54-9A1E7A4F7556}") = "ContadorVotos.Api", "ContadorVotos.Api\ContadorVotos.Api.csproj", "{2E167933-3CA3-4E0B-ACA0-168D3EE2B3B6}"
EndProject
Project("{FAE04EC0-301F-11D3-BF4B-00C04F79EFBC}") = "Voto.Domain", "Voto.Domain\Voto.Domain.csproj", "{B73774AB-F0F3-4E9F-B2E8-0805958E1A55}"
EndProject
Project("{FAE04EC0-301F-11D3-BF4B-00C04F79EFBC}") = "Voto.Infra", "Voto.Infra\Voto.Infra.csproj", "{05B982CE-9067-4DCE-A831-550A56A2C9E4}"
EndProject
Global
	GlobalSection(SolutionConfigurationPlatforms) = preSolution
		Debug|Any CPU = Debug|Any CPU
		Release|Any CPU = Release|Any CPU
	EndGlobalSection
	GlobalSection(ProjectConfigurationPlatforms) = postSolution
		{2E167933-3CA3-4E0B-ACA0-168D3EE2B3B6}.Debug|Any CPU.ActiveCfg = Debug|Any CPU
		{2E167933-3CA3-4E0B-ACA0-168D3EE2B3B6}.Debug|Any CPU.Build.0 = Debug|Any CPU
		{2E167933-3CA3-4E0B-ACA0-168D3EE2B3B6}.Release|Any CPU.ActiveCfg = Release|Any CPU
		{2E167933-3CA3-4E0B-ACA0-168D3EE2B3B6}.Release|Any CPU.Build.0 = Release|Any CPU
		{B73774AB-F0F3-4E9F-B2E8-0805958E1A55}.Debug|Any CPU.ActiveCfg = Debug|Any CPU
		{B73774AB-F0F3-4E9F-B2E8-0805958E1A55}.Debug|Any CPU.Build.0 = Debug|Any CPU
		{B73774AB-F0F3-4E9F-B2E8-0805958E1A55}.Release|Any CPU.ActiveCfg = Release|Any CPU
		{B73774AB-F0F3-4E9F-B2E8-0805958E1A55}.Release|Any CPU.Build.0 = Release|Any CPU
		{05B982CE-9067-4DCE-A831-550A56A2C9E4}.Debug|Any CPU.ActiveCfg = Debug|Any CPU
		{05B982CE-9067-4DCE-A831-550A56A2C9E4}.Debug|Any CPU.Build.0 = Debug|Any CPU
		{05B982CE-9067-4DCE-A831-550A56A2C9E4}.Release|Any CPU.ActiveCfg = Release|Any CPU
		{05B982CE-9067-4DCE-A831-550A56A2C9E4}.Release|Any CPU.Build.0 = Release|Any CPU
	EndGlobalSection
	GlobalSection(SolutionProperties) = preSolution
		HideSolutionNode = FALSE
	EndGlobalSection
	GlobalSection(ExtensibilityGlobals) = postSolution
		SolutionGuid = {CB8B46C5-C151-4DE8-8188-AE13877EF2C9}
	EndGlobalSection
EndGlobal
