
Microsoft Visual Studio Solution File, Format Version 12.00
# Visual Studio Version 16
VisualStudioVersion = 16.0.30907.101
MinimumVisualStudioVersion = 10.0.40219.1
Project("{FAE04EC0-301F-11D3-BF4B-00C04F79EFBC}") = "Votacao.Api", "Votacao.Api\Votacao.Api.csproj", "{330CCDA2-803A-46FE-9D11-14576957C086}"
EndProject
Project("{FAE04EC0-301F-11D3-BF4B-00C04F79EFBC}") = "Votacao.Domain", "Votacao.Domain\Votacao.Domain.csproj", "{111BC6F9-F3CE-43A5-997E-814FAF6CC72C}"
EndProject
Project("{FAE04EC0-301F-11D3-BF4B-00C04F79EFBC}") = "Votacao.Infra", "Votacao.Infra\Votacao.Infra.csproj", "{FB58DDD5-907B-4CDA-B66F-115060CDE703}"
EndProject
Global
	GlobalSection(SolutionConfigurationPlatforms) = preSolution
		Debug|Any CPU = Debug|Any CPU
		Release|Any CPU = Release|Any CPU
	EndGlobalSection
	GlobalSection(ProjectConfigurationPlatforms) = postSolution
		{330CCDA2-803A-46FE-9D11-14576957C086}.Debug|Any CPU.ActiveCfg = Debug|Any CPU
		{330CCDA2-803A-46FE-9D11-14576957C086}.Debug|Any CPU.Build.0 = Debug|Any CPU
		{330CCDA2-803A-46FE-9D11-14576957C086}.Release|Any CPU.ActiveCfg = Release|Any CPU
		{330CCDA2-803A-46FE-9D11-14576957C086}.Release|Any CPU.Build.0 = Release|Any CPU
		{111BC6F9-F3CE-43A5-997E-814FAF6CC72C}.Debug|Any CPU.ActiveCfg = Debug|Any CPU
		{111BC6F9-F3CE-43A5-997E-814FAF6CC72C}.Debug|Any CPU.Build.0 = Debug|Any CPU
		{111BC6F9-F3CE-43A5-997E-814FAF6CC72C}.Release|Any CPU.ActiveCfg = Release|Any CPU
		{111BC6F9-F3CE-43A5-997E-814FAF6CC72C}.Release|Any CPU.Build.0 = Release|Any CPU
		{FB58DDD5-907B-4CDA-B66F-115060CDE703}.Debug|Any CPU.ActiveCfg = Debug|Any CPU
		{FB58DDD5-907B-4CDA-B66F-115060CDE703}.Debug|Any CPU.Build.0 = Debug|Any CPU
		{FB58DDD5-907B-4CDA-B66F-115060CDE703}.Release|Any CPU.ActiveCfg = Release|Any CPU
		{FB58DDD5-907B-4CDA-B66F-115060CDE703}.Release|Any CPU.Build.0 = Release|Any CPU
	EndGlobalSection
	GlobalSection(SolutionProperties) = preSolution
		HideSolutionNode = FALSE
	EndGlobalSection
	GlobalSection(ExtensibilityGlobals) = postSolution
		SolutionGuid = {CE1C0C2E-9788-449B-A758-078F589780F3}
	EndGlobalSection
EndGlobal
