
Microsoft Visual Studio Solution File, Format Version 12.00
# Visual Studio Version 16
VisualStudioVersion = 16.0.30406.217
MinimumVisualStudioVersion = 10.0.40219.1
Project("{FAE04EC0-301F-11D3-BF4B-00C04F79EFBC}") = "FilmesVotacao.Api", "FilmesVotacao.Api\FilmesVotacao.Api.csproj", "{B4134F76-63D4-4500-A6DC-DE4C6E563B55}"
EndProject
Project("{FAE04EC0-301F-11D3-BF4B-00C04F79EFBC}") = "FilmesVotacao.Domain", "FilmesVotacao.Domain\FilmesVotacao.Domain.csproj", "{02B5C7AA-E896-4120-A11A-FC2FF737CC6B}"
EndProject
Project("{FAE04EC0-301F-11D3-BF4B-00C04F79EFBC}") = "FilmesVotacao.Infra", "FilmesVotacao.Infra\FilmesVotacao.Infra.csproj", "{C70CA7D0-85BD-4284-9A79-D34FA7D272F0}"
EndProject
Global
	GlobalSection(SolutionConfigurationPlatforms) = preSolution
		Debug|Any CPU = Debug|Any CPU
		Release|Any CPU = Release|Any CPU
	EndGlobalSection
	GlobalSection(ProjectConfigurationPlatforms) = postSolution
		{B4134F76-63D4-4500-A6DC-DE4C6E563B55}.Debug|Any CPU.ActiveCfg = Debug|Any CPU
		{B4134F76-63D4-4500-A6DC-DE4C6E563B55}.Debug|Any CPU.Build.0 = Debug|Any CPU
		{B4134F76-63D4-4500-A6DC-DE4C6E563B55}.Release|Any CPU.ActiveCfg = Release|Any CPU
		{B4134F76-63D4-4500-A6DC-DE4C6E563B55}.Release|Any CPU.Build.0 = Release|Any CPU
		{02B5C7AA-E896-4120-A11A-FC2FF737CC6B}.Debug|Any CPU.ActiveCfg = Debug|Any CPU
		{02B5C7AA-E896-4120-A11A-FC2FF737CC6B}.Debug|Any CPU.Build.0 = Debug|Any CPU
		{02B5C7AA-E896-4120-A11A-FC2FF737CC6B}.Release|Any CPU.ActiveCfg = Release|Any CPU
		{02B5C7AA-E896-4120-A11A-FC2FF737CC6B}.Release|Any CPU.Build.0 = Release|Any CPU
		{C70CA7D0-85BD-4284-9A79-D34FA7D272F0}.Debug|Any CPU.ActiveCfg = Debug|Any CPU
		{C70CA7D0-85BD-4284-9A79-D34FA7D272F0}.Debug|Any CPU.Build.0 = Debug|Any CPU
		{C70CA7D0-85BD-4284-9A79-D34FA7D272F0}.Release|Any CPU.ActiveCfg = Release|Any CPU
		{C70CA7D0-85BD-4284-9A79-D34FA7D272F0}.Release|Any CPU.Build.0 = Release|Any CPU
	EndGlobalSection
	GlobalSection(SolutionProperties) = preSolution
		HideSolutionNode = FALSE
	EndGlobalSection
	GlobalSection(ExtensibilityGlobals) = postSolution
		SolutionGuid = {564A2460-F638-4365-A621-93CD7E2E044E}
	EndGlobalSection
EndGlobal
