
Microsoft Visual Studio Solution File, Format Version 12.00
# Visual Studio Version 16
VisualStudioVersion = 16.0.30804.86
MinimumVisualStudioVersion = 10.0.40219.1
Project("{FAE04EC0-301F-11D3-BF4B-00C04F79EFBC}") = "exercico2", "exercico2\exercico2.csproj", "{23DA8DCA-9971-48F5-8DF5-39C24021E397}"
EndProject
Project("{FAE04EC0-301F-11D3-BF4B-00C04F79EFBC}") = "exercicio2.1", "exercicio2.1\exercicio2.1.csproj", "{4CB21BAA-FA2D-4C66-965A-A35D0F02E444}"
EndProject
Project("{FAE04EC0-301F-11D3-BF4B-00C04F79EFBC}") = "Exercicio2.2", "Exercicio2.2\Exercicio2.2.csproj", "{0DD73D87-53A1-473E-8A77-2C5DA7A6D84A}"
EndProject
Global
	GlobalSection(SolutionConfigurationPlatforms) = preSolution
		Debug|Any CPU = Debug|Any CPU
		Release|Any CPU = Release|Any CPU
	EndGlobalSection
	GlobalSection(ProjectConfigurationPlatforms) = postSolution
		{23DA8DCA-9971-48F5-8DF5-39C24021E397}.Debug|Any CPU.ActiveCfg = Debug|Any CPU
		{23DA8DCA-9971-48F5-8DF5-39C24021E397}.Debug|Any CPU.Build.0 = Debug|Any CPU
		{23DA8DCA-9971-48F5-8DF5-39C24021E397}.Release|Any CPU.ActiveCfg = Release|Any CPU
		{23DA8DCA-9971-48F5-8DF5-39C24021E397}.Release|Any CPU.Build.0 = Release|Any CPU
		{4CB21BAA-FA2D-4C66-965A-A35D0F02E444}.Debug|Any CPU.ActiveCfg = Debug|Any CPU
		{4CB21BAA-FA2D-4C66-965A-A35D0F02E444}.Debug|Any CPU.Build.0 = Debug|Any CPU
		{4CB21BAA-FA2D-4C66-965A-A35D0F02E444}.Release|Any CPU.ActiveCfg = Release|Any CPU
		{4CB21BAA-FA2D-4C66-965A-A35D0F02E444}.Release|Any CPU.Build.0 = Release|Any CPU
		{0DD73D87-53A1-473E-8A77-2C5DA7A6D84A}.Debug|Any CPU.ActiveCfg = Debug|Any CPU
		{0DD73D87-53A1-473E-8A77-2C5DA7A6D84A}.Debug|Any CPU.Build.0 = Debug|Any CPU
		{0DD73D87-53A1-473E-8A77-2C5DA7A6D84A}.Release|Any CPU.ActiveCfg = Release|Any CPU
		{0DD73D87-53A1-473E-8A77-2C5DA7A6D84A}.Release|Any CPU.Build.0 = Release|Any CPU
	EndGlobalSection
	GlobalSection(SolutionProperties) = preSolution
		HideSolutionNode = FALSE
	EndGlobalSection
	GlobalSection(ExtensibilityGlobals) = postSolution
		SolutionGuid = {E01ED09E-6C26-4B45-8642-47E5725C937D}
	EndGlobalSection
EndGlobal
