
Microsoft Visual Studio Solution File, Format Version 12.00
# Visual Studio Version 16
VisualStudioVersion = 16.0.30907.101
MinimumVisualStudioVersion = 10.0.40219.1
Project("{9A19103F-16F7-4668-BE54-9A1E7A4F7556}") = "Livraria.API", "Livraria.API\Livraria.API.csproj", "{02D1C334-1140-43A5-899D-7B44BDB7E799}"
EndProject
Project("{FAE04EC0-301F-11D3-BF4B-00C04F79EFBC}") = "Livraria.Domain", "Livraria.Domain\Livraria.Domain.csproj", "{3EE778D2-6C82-4B08-8E6B-4980401C1405}"
EndProject
Project("{FAE04EC0-301F-11D3-BF4B-00C04F79EFBC}") = "Livraria.Infra", "Livraria.Infra\Livraria.Infra.csproj", "{3770F776-DB19-4856-AD89-1D09A9C38574}"
EndProject
Global
	GlobalSection(SolutionConfigurationPlatforms) = preSolution
		Debug|Any CPU = Debug|Any CPU
		Release|Any CPU = Release|Any CPU
	EndGlobalSection
	GlobalSection(ProjectConfigurationPlatforms) = postSolution
		{02D1C334-1140-43A5-899D-7B44BDB7E799}.Debug|Any CPU.ActiveCfg = Debug|Any CPU
		{02D1C334-1140-43A5-899D-7B44BDB7E799}.Debug|Any CPU.Build.0 = Debug|Any CPU
		{02D1C334-1140-43A5-899D-7B44BDB7E799}.Release|Any CPU.ActiveCfg = Release|Any CPU
		{02D1C334-1140-43A5-899D-7B44BDB7E799}.Release|Any CPU.Build.0 = Release|Any CPU
		{3EE778D2-6C82-4B08-8E6B-4980401C1405}.Debug|Any CPU.ActiveCfg = Debug|Any CPU
		{3EE778D2-6C82-4B08-8E6B-4980401C1405}.Debug|Any CPU.Build.0 = Debug|Any CPU
		{3EE778D2-6C82-4B08-8E6B-4980401C1405}.Release|Any CPU.ActiveCfg = Release|Any CPU
		{3EE778D2-6C82-4B08-8E6B-4980401C1405}.Release|Any CPU.Build.0 = Release|Any CPU
		{3770F776-DB19-4856-AD89-1D09A9C38574}.Debug|Any CPU.ActiveCfg = Debug|Any CPU
		{3770F776-DB19-4856-AD89-1D09A9C38574}.Debug|Any CPU.Build.0 = Debug|Any CPU
		{3770F776-DB19-4856-AD89-1D09A9C38574}.Release|Any CPU.ActiveCfg = Release|Any CPU
		{3770F776-DB19-4856-AD89-1D09A9C38574}.Release|Any CPU.Build.0 = Release|Any CPU
	EndGlobalSection
	GlobalSection(SolutionProperties) = preSolution
		HideSolutionNode = FALSE
	EndGlobalSection
	GlobalSection(ExtensibilityGlobals) = postSolution
		SolutionGuid = {39D9F968-29D0-4EE3-8047-C2D8EA2750A8}
	EndGlobalSection
EndGlobal
